
Microsoft Visual Studio Solution File, Format Version 12.00
# Visual Studio Version 16
VisualStudioVersion = 16.0.31702.278
MinimumVisualStudioVersion = 10.0.40219.1
Project("{FAE04EC0-301F-11D3-BF4B-00C04F79EFBC}") = "ParseJSON", "ParseJSON.csproj", "{891FD549-6248-4752-AC6B-C6BBBC1CCB20}"
EndProject
Global
	GlobalSection(SolutionConfigurationPlatforms) = preSolution
		Debug|Any CPU = Debug|Any CPU
		Release|Any CPU = Release|Any CPU
	EndGlobalSection
	GlobalSection(ProjectConfigurationPlatforms) = postSolution
		{891FD549-6248-4752-AC6B-C6BBBC1CCB20}.Debug|Any CPU.ActiveCfg = Debug|Any CPU
		{891FD549-6248-4752-AC6B-C6BBBC1CCB20}.Debug|Any CPU.Build.0 = Debug|Any CPU
		{891FD549-6248-4752-AC6B-C6BBBC1CCB20}.Release|Any CPU.ActiveCfg = Release|Any CPU
		{891FD549-6248-4752-AC6B-C6BBBC1CCB20}.Release|Any CPU.Build.0 = Release|Any CPU
	EndGlobalSection
	GlobalSection(SolutionProperties) = preSolution
		HideSolutionNode = FALSE
	EndGlobalSection
	GlobalSection(ExtensibilityGlobals) = postSolution
		SolutionGuid = {1C22A7F4-ABF6-4EAB-894A-E06ADF3DF5FD}
	EndGlobalSection
EndGlobal
